{
	"name": "longhaultests",
	"version": "0.0.1",
	"lockfileVersion": 1,
	"requires": true,
	"dependencies": {
		"@azure/abort-controller": {
			"version": "1.0.1",
			"resolved": "https://registry.npmjs.org/@azure/abort-controller/-/abort-controller-1.0.1.tgz",
			"integrity": "sha512-wP2Jw6uPp8DEDy0n4KNidvwzDjyVV2xnycEIq7nPzj1rHyb/r+t3OPeNT1INZePP2wy5ZqlwyuyOMTi0ePyY1A==",
			"requires": {
				"tslib": "^1.9.3"
			}
		},
		"@azure/core-auth": {
			"version": "1.4.0",
			"resolved": "https://registry.npmjs.org/@azure/core-auth/-/core-auth-1.4.0.tgz",
			"integrity": "sha512-HFrcTgmuSuukRf/EdPmqBrc5l6Q5Uu+2TbuhaKbgaCpP2TfAeiNaQPAadxO+CYBRHGUzIDteMAjFspFLDLnKVQ==",
			"requires": {
				"@azure/abort-controller": "^1.0.0",
				"tslib": "^2.2.0"
			},
			"dependencies": {
				"tslib": {
					"version": "2.4.1",
					"resolved": "https://registry.npmjs.org/tslib/-/tslib-2.4.1.tgz",
					"integrity": "sha512-tGyy4dAjRIEwI7BzsB0lynWgOpfqjUdq91XXAlIWD2OwKBH7oCl/GZG/HT4BOHrTlPMOASlMQ7veyTqpmRcrNA=="
				}
			}
		},
		"@azure/core-http": {
			"version": "2.3.1",
			"resolved": "https://registry.npmjs.org/@azure/core-http/-/core-http-2.3.1.tgz",
			"integrity": "sha512-cur03BUwV0Tbv81bQBOLafFB02B6G++K6F2O3IMl8pSE2QlXm3cu11bfyBNlDUKi5U+xnB3GC63ae3athhkx6Q==",
			"requires": {
				"@azure/abort-controller": "^1.0.0",
				"@azure/core-auth": "^1.3.0",
				"@azure/core-tracing": "1.0.0-preview.13",
				"@azure/core-util": "^1.1.1",
				"@azure/logger": "^1.0.0",
				"@types/node-fetch": "^2.5.0",
				"@types/tunnel": "^0.0.3",
				"form-data": "^4.0.0",
				"node-fetch": "^2.6.7",
				"process": "^0.11.10",
				"tough-cookie": "^4.0.0",
				"tslib": "^2.2.0",
				"tunnel": "^0.0.6",
				"uuid": "^8.3.0",
				"xml2js": "^0.4.19"
			},
			"dependencies": {
				"tslib": {
					"version": "2.4.1",
					"resolved": "https://registry.npmjs.org/tslib/-/tslib-2.4.1.tgz",
					"integrity": "sha512-tGyy4dAjRIEwI7BzsB0lynWgOpfqjUdq91XXAlIWD2OwKBH7oCl/GZG/HT4BOHrTlPMOASlMQ7veyTqpmRcrNA=="
				},
				"uuid": {
					"version": "8.3.2",
					"resolved": "https://registry.npmjs.org/uuid/-/uuid-8.3.2.tgz",
					"integrity": "sha512-+NYs2QeMWy+GWFOEm9xnn6HCDp0l7QBD7ml8zLUmJ+93Q5NF0NocErnwkTkXVFNiX3/fpC6afS8Dhb/gz7R7eg=="
				}
			}
		},
		"@azure/core-lro": {
			"version": "2.4.0",
			"resolved": "https://registry.npmjs.org/@azure/core-lro/-/core-lro-2.4.0.tgz",
			"integrity": "sha512-F65+rYkll1dpw3RGm8/SSiSj+/QkMeYDanzS/QKlM1dmuneVyXbO46C88V1MRHluLGdMP6qfD3vDRYALn0z0tQ==",
			"requires": {
				"@azure/abort-controller": "^1.0.0",
				"@azure/logger": "^1.0.0",
				"tslib": "^2.2.0"
			},
			"dependencies": {
				"tslib": {
					"version": "2.4.1",
					"resolved": "https://registry.npmjs.org/tslib/-/tslib-2.4.1.tgz",
					"integrity": "sha512-tGyy4dAjRIEwI7BzsB0lynWgOpfqjUdq91XXAlIWD2OwKBH7oCl/GZG/HT4BOHrTlPMOASlMQ7veyTqpmRcrNA=="
				}
			}
		},
		"@azure/core-paging": {
			"version": "1.4.0",
			"resolved": "https://registry.npmjs.org/@azure/core-paging/-/core-paging-1.4.0.tgz",
			"integrity": "sha512-tabFtZTg8D9XqZKEfNUOGh63SuYeOxmvH4GDcOJN+R1bZWZ1FZskctgY9Pmuwzhn+0Xvq9rmimK9hsvtLkeBsw==",
			"requires": {
				"tslib": "^2.2.0"
			},
			"dependencies": {
				"tslib": {
					"version": "2.4.1",
					"resolved": "https://registry.npmjs.org/tslib/-/tslib-2.4.1.tgz",
					"integrity": "sha512-tGyy4dAjRIEwI7BzsB0lynWgOpfqjUdq91XXAlIWD2OwKBH7oCl/GZG/HT4BOHrTlPMOASlMQ7veyTqpmRcrNA=="
				}
			}
		},
		"@azure/core-tracing": {
			"version": "1.0.0-preview.13",
			"resolved": "https://registry.npmjs.org/@azure/core-tracing/-/core-tracing-1.0.0-preview.13.tgz",
			"integrity": "sha512-KxDlhXyMlh2Jhj2ykX6vNEU0Vou4nHr025KoSEiz7cS3BNiHNaZcdECk/DmLkEB0as5T7b/TpRcehJ5yV6NeXQ==",
			"requires": {
				"@opentelemetry/api": "^1.0.1",
				"tslib": "^2.2.0"
			},
			"dependencies": {
				"tslib": {
					"version": "2.4.1",
					"resolved": "https://registry.npmjs.org/tslib/-/tslib-2.4.1.tgz",
					"integrity": "sha512-tGyy4dAjRIEwI7BzsB0lynWgOpfqjUdq91XXAlIWD2OwKBH7oCl/GZG/HT4BOHrTlPMOASlMQ7veyTqpmRcrNA=="
				}
			}
		},
		"@azure/core-util": {
			"version": "1.1.1",
			"resolved": "https://registry.npmjs.org/@azure/core-util/-/core-util-1.1.1.tgz",
			"integrity": "sha512-A4TBYVQCtHOigFb2ETiiKFDocBoI1Zk2Ui1KpI42aJSIDexF7DHQFpnjonltXAIU/ceH+1fsZAWWgvX6/AKzog==",
			"requires": {
				"@azure/abort-controller": "^1.0.0",
				"tslib": "^2.2.0"
			},
			"dependencies": {
				"tslib": {
					"version": "2.4.1",
					"resolved": "https://registry.npmjs.org/tslib/-/tslib-2.4.1.tgz",
					"integrity": "sha512-tGyy4dAjRIEwI7BzsB0lynWgOpfqjUdq91XXAlIWD2OwKBH7oCl/GZG/HT4BOHrTlPMOASlMQ7veyTqpmRcrNA=="
				}
			}
		},
		"@azure/logger": {
			"version": "1.0.3",
			"resolved": "https://registry.npmjs.org/@azure/logger/-/logger-1.0.3.tgz",
			"integrity": "sha512-aK4s3Xxjrx3daZr3VylxejK3vG5ExXck5WOHDJ8in/k9AqlfIyFMMT1uG7u8mNjX+QRILTIn0/Xgschfh/dQ9g==",
			"requires": {
				"tslib": "^2.2.0"
			},
			"dependencies": {
				"tslib": {
					"version": "2.4.1",
					"resolved": "https://registry.npmjs.org/tslib/-/tslib-2.4.1.tgz",
					"integrity": "sha512-tGyy4dAjRIEwI7BzsB0lynWgOpfqjUdq91XXAlIWD2OwKBH7oCl/GZG/HT4BOHrTlPMOASlMQ7veyTqpmRcrNA=="
				}
			}
		},
		"@azure/storage-blob": {
			"version": "12.12.0",
			"resolved": "https://registry.npmjs.org/@azure/storage-blob/-/storage-blob-12.12.0.tgz",
			"integrity": "sha512-o/Mf6lkyYG/eBW4/hXB9864RxVNmAkcKHjsGR6Inlp5hupa3exjSyH2KjO3tLO//YGA+tS+17hM2bxRl9Sn16g==",
			"requires": {
				"@azure/abort-controller": "^1.0.0",
				"@azure/core-http": "^2.0.0",
				"@azure/core-lro": "^2.2.0",
				"@azure/core-paging": "^1.1.1",
				"@azure/core-tracing": "1.0.0-preview.13",
				"@azure/logger": "^1.0.0",
				"events": "^3.0.0",
				"tslib": "^2.2.0"
			},
			"dependencies": {
				"tslib": {
					"version": "2.4.1",
					"resolved": "https://registry.npmjs.org/tslib/-/tslib-2.4.1.tgz",
					"integrity": "sha512-tGyy4dAjRIEwI7BzsB0lynWgOpfqjUdq91XXAlIWD2OwKBH7oCl/GZG/HT4BOHrTlPMOASlMQ7veyTqpmRcrNA=="
				}
			}
		},
		"@babel/code-frame": {
			"version": "7.8.3",
			"resolved": "https://registry.npmjs.org/@babel/code-frame/-/code-frame-7.8.3.tgz",
			"integrity": "sha512-a9gxpmdXtZEInkCSHUJDLHZVBgb1QS0jhss4cPP93EW7s+uC5bikET2twEF3KV+7rDblJcmNvTR7VJejqd2C2g==",
			"dev": true,
			"requires": {
				"@babel/highlight": "^7.8.3"
			}
		},
		"@babel/highlight": {
			"version": "7.8.3",
			"resolved": "https://registry.npmjs.org/@babel/highlight/-/highlight-7.8.3.tgz",
			"integrity": "sha512-PX4y5xQUvy0fnEVHrYOarRPXVWafSjTW9T0Hab8gVIawpl2Sj0ORyrygANq+KjcNlSSTw0YCLSNA8OyZ1I4yEg==",
			"dev": true,
			"requires": {
				"chalk": "^2.0.0",
				"esutils": "^2.0.2",
				"js-tokens": "^4.0.0"
			}
		},
		"@opentelemetry/api": {
			"version": "1.3.0",
			"resolved": "https://registry.npmjs.org/@opentelemetry/api/-/api-1.3.0.tgz",
			"integrity": "sha512-YveTnGNsFFixTKJz09Oi4zYkiLT5af3WpZDu4aIUM7xX+2bHAkOJayFTVQd6zB8kkWPpbua4Ha6Ql00grdLlJQ=="
		},
		"@types/node": {
			"version": "9.6.50",
			"resolved": "https://registry.npmjs.org/@types/node/-/node-9.6.50.tgz",
			"integrity": "sha512-9Yzqn2NzJxwFzon4W+aqUAMl3FiVnJ965f5F3H5T+EpUrHqb2Is1SPp/lsj2WFBqXrhIINJ5SzSwneLMg5PgSQ=="
		},
		"@types/node-fetch": {
			"version": "2.6.2",
			"resolved": "https://registry.npmjs.org/@types/node-fetch/-/node-fetch-2.6.2.tgz",
			"integrity": "sha512-DHqhlq5jeESLy19TYhLakJ07kNumXWjcDdxXsLUMJZ6ue8VZJj4kLPQVE/2mdHh3xZziNF1xppu5lwmS53HR+A==",
			"requires": {
				"@types/node": "*",
				"form-data": "^3.0.0"
			},
			"dependencies": {
				"form-data": {
					"version": "3.0.1",
					"resolved": "https://registry.npmjs.org/form-data/-/form-data-3.0.1.tgz",
					"integrity": "sha512-RHkBKtLWUVwd7SqRIvCZMEvAMoGUp0XU+seQiZejj0COz3RI3hWP4sCv3gZWWLjJTd7rGwcsF5eKZGii0r/hbg==",
					"requires": {
						"asynckit": "^0.4.0",
						"combined-stream": "^1.0.8",
						"mime-types": "^2.1.12"
					}
				}
			}
		},
		"@types/tunnel": {
			"version": "0.0.3",
			"resolved": "https://registry.npmjs.org/@types/tunnel/-/tunnel-0.0.3.tgz",
			"integrity": "sha512-sOUTGn6h1SfQ+gbgqC364jLFBw2lnFqkgF3q0WovEHRLMrVD1sd5aufqi/aJObLekJO+Aq5z646U4Oxy6shXMA==",
			"requires": {
				"@types/node": "*"
			}
		},
		"@types/uuid": {
			"version": "3.4.5",
			"resolved": "https://registry.npmjs.org/@types/uuid/-/uuid-3.4.5.tgz",
			"integrity": "sha512-MNL15wC3EKyw1VLF+RoVO4hJJdk9t/Hlv3rt1OL65Qvuadm4BYo6g9ZJQqoq7X8NBFSsQXgAujWciovh2lpVjA==",
			"dev": true,
			"requires": {
				"@types/node": "*"
			}
		},
		"ansi-styles": {
			"version": "3.2.1",
			"resolved": "https://registry.npmjs.org/ansi-styles/-/ansi-styles-3.2.1.tgz",
			"integrity": "sha512-VT0ZI6kZRdTh8YyJw3SMbYm/u+NqfsAxEpWO0Pf9sq8/e94WxxOpPKx9FR1FlyCtOVDNOQ+8ntlqFxiRc+r5qA==",
			"dev": true,
			"requires": {
				"color-convert": "^1.9.0"
			}
		},
		"argparse": {
			"version": "1.0.10",
			"resolved": "https://registry.npmjs.org/argparse/-/argparse-1.0.10.tgz",
			"integrity": "sha512-o5Roy6tNG4SL/FOkCAN6RzjiakZS25RLYFrcMttJqbdd8BWrnA+fGz57iN5Pb06pvBGvl5gQ0B48dJlslXvoTg==",
			"dev": true,
			"requires": {
				"sprintf-js": "~1.0.2"
			}
		},
		"async": {
			"version": "2.6.3",
			"resolved": "https://registry.npmjs.org/async/-/async-2.6.3.tgz",
			"integrity": "sha512-zflvls11DCy+dQWzTW2dzuilv8Z5X/pjfmZOWba6TNIVDm+2UDaJmXSOXlasHKfNBs8oo3M0aT50fDEWfKZjXg==",
			"requires": {
				"lodash": "^4.17.14"
			}
		},
		"async-limiter": {
			"version": "1.0.1",
			"resolved": "https://registry.npmjs.org/async-limiter/-/async-limiter-1.0.1.tgz",
			"integrity": "sha512-csOlWGAcRFJaI6m+F2WKdnMKr4HhdhFVBk0H/QbJFMCr+uO2kwohwXQPxw/9OCxp05r5ghVBFSyioixx3gfkNQ=="
		},
		"asynckit": {
			"version": "0.4.0",
			"resolved": "https://registry.npmjs.org/asynckit/-/asynckit-0.4.0.tgz",
			"integrity": "sha512-Oei9OH4tRh0YqU3GxhX79dM/mwVgvbZJaSNaRk+bshkj0S5cfHcgYakreBjrHwatXKbz+IoIdYLxrKim2MjW0Q=="
		},
		"azure-iot-amqp-base": {
			"version": "2.4.4",
			"resolved": "https://registry.npmjs.org/azure-iot-amqp-base/-/azure-iot-amqp-base-2.4.4.tgz",
			"integrity": "sha512-NAAbq4Xf1rQf2BHegLBFvzhC0iszkWL7rVo8z2NgFi5+U7cdKPZ/6AjvloznXvN6Q/sdarghcYPH2XjTTz223A==",
			"requires": {
				"async": "^2.6.2",
				"azure-iot-common": "1.12.4",
				"debug": "^4.1.1",
				"lodash.merge": "^4.6.1",
				"machina": "^4.0.2",
				"rhea": "^1.0.15",
				"uuid": "^3.3.2",
				"ws": "^6.0.0"
			}
		},
		"azure-iot-common": {
			"version": "1.12.4",
			"resolved": "https://registry.npmjs.org/azure-iot-common/-/azure-iot-common-1.12.4.tgz",
			"integrity": "sha512-iCIx7NW4DcxCzT83+fwxTlTk2ipMvgt6P6yuL7gLbFFXB60oa6b3CqkT6/ArTGV4gfORcipAhMBZv7igD6oTsA==",
			"requires": {
				"debug": "^4.1.1",
				"getos": "^3.1.1"
			}
		},
		"azure-iot-device": {
			"version": "1.17.0",
			"resolved": "https://registry.npmjs.org/azure-iot-device/-/azure-iot-device-1.17.0.tgz",
			"integrity": "sha512-ItHxujjLE/GdwhuH4fJTuIhPMHxBzfOkd62U1iKTHYE1wgvts7m9BzqSGEP410/O1BXng+QlFw5VZchmXQerUg==",
			"requires": {
				"@azure/abort-controller": "1.0.1",
				"@azure/storage-blob": "^12.0.0",
				"azure-iot-common": "1.12.4",
				"azure-iot-http-base": "1.11.4",
				"debug": "^4.1.1",
				"lodash": "^4.17.15",
				"machina": "^4.0.2",
				"traverse": "^0.6.6"
			}
		},
		"azure-iot-device-amqp": {
			"version": "1.13.0",
			"resolved": "https://registry.npmjs.org/azure-iot-device-amqp/-/azure-iot-device-amqp-1.13.0.tgz",
			"integrity": "sha512-h8dUdfObBQe8e/coPkmmrOCsQwV5DFPRzHEpMyNMhRPOO3q3Y5bWiipdgmFs62i4Tn7w4dy4HUvCAPihwAsNVg==",
			"requires": {
				"async": "^2.6.2",
				"azure-iot-amqp-base": "2.4.4",
				"azure-iot-common": "1.12.4",
				"azure-iot-device": "1.17.0",
				"debug": "^4.1.1",
				"machina": "^4.0.2",
				"rhea": "^1.0.15",
				"uuid": "^3.3.2"
			}
		},
		"azure-iot-device-http": {
			"version": "1.13.0",
			"resolved": "https://registry.npmjs.org/azure-iot-device-http/-/azure-iot-device-http-1.13.0.tgz",
			"integrity": "sha512-Rrec/2HjMuyDbmz/mmxycao2mHAY3ZZiG6u3hKZgMySGZI0MVSRo4mMR+AQlmbudVKbDGzsDC4tHYPNcRmrc+w==",
			"requires": {
				"azure-iot-common": "1.12.4",
				"azure-iot-device": "1.17.0",
				"azure-iot-http-base": "1.11.4",
				"debug": "^4.1.1",
				"node-crontab": "^0.0.8"
			}
		},
		"azure-iot-device-mqtt": {
			"version": "1.15.0",
			"resolved": "https://registry.npmjs.org/azure-iot-device-mqtt/-/azure-iot-device-mqtt-1.15.0.tgz",
			"integrity": "sha512-mPK5g6Yd7fziMfuoATqldqsK8OVDY2V89xhF9JIiP+JIu750mr9McR5jkEVWquiXIA7ZNfJOo/vasYHu4i1x8Q==",
			"requires": {
				"azure-iot-common": "1.12.4",
				"azure-iot-device": "1.17.0",
				"azure-iot-mqtt-base": "1.12.4",
				"debug": "^4.1.1",
				"machina": "^4.0.2",
				"uuid": "^3.3.2"
			}
		},
		"azure-iot-http-base": {
			"version": "1.11.4",
			"resolved": "https://registry.npmjs.org/azure-iot-http-base/-/azure-iot-http-base-1.11.4.tgz",
			"integrity": "sha512-OsucwoptU5BTPQI+GvSjc0KRzPvfankvhgxQ+PfsCsVLmlU8mjsQNXBTsE5WU1PPP5hem6XwjbpnZgAo0i2GbA==",
			"requires": {
				"azure-iot-common": "1.12.4",
				"debug": "^4.1.1",
				"uuid": "^3.3.2"
			}
		},
		"azure-iot-mqtt-base": {
			"version": "1.12.4",
			"resolved": "https://registry.npmjs.org/azure-iot-mqtt-base/-/azure-iot-mqtt-base-1.12.4.tgz",
			"integrity": "sha512-VXd9AudDlZkbmWjIGnebfZnXJC1TRliILD8oX+w/Z2cZWW/DB3edLHI51H157rOBXbIgZoy2AEpnoIm3LUU/sQ==",
			"requires": {
				"azure-iot-common": "1.12.4",
				"debug": "^4.1.1",
				"machina": "^4.0.2",
				"mqtt": "^4.0.0"
			}
		},
		"azure-iothub": {
			"version": "1.12.4",
			"resolved": "https://registry.npmjs.org/azure-iothub/-/azure-iothub-1.12.4.tgz",
			"integrity": "sha512-jYBRUewf9VyVUkA/p9z7tvYL2bIJe6Rz/ncnjlWcT3a85XMtoI2Jj2/UsNNeymtIk1Y6xjWaLdzgsKunfB0xdg==",
			"requires": {
				"async": "^2.6.2",
				"azure-iot-amqp-base": "2.4.4",
				"azure-iot-common": "1.12.4",
				"azure-iot-http-base": "1.11.4",
				"debug": "^4.1.1",
				"lodash": "^4.17.15",
				"machina": "^4.0.2",
				"rhea": "^1.0.15"
			}
		},
		"balanced-match": {
			"version": "1.0.0",
			"resolved": "https://registry.npmjs.org/balanced-match/-/balanced-match-1.0.0.tgz",
			"integrity": "sha1-ibTRmasr7kneFk6gK4nORi1xt2c="
		},
		"base64-js": {
			"version": "1.5.1",
			"resolved": "https://registry.npmjs.org/base64-js/-/base64-js-1.5.1.tgz",
			"integrity": "sha512-AKpaYlHn8t4SVbOHCy+b5+KKgvR4vrsD8vbvrbiQJps7fKDTkjkDry6ji0rUJjC0kzbNePLwzxq8iypo41qeWA=="
		},
		"bl": {
			"version": "4.1.0",
			"resolved": "https://registry.npmjs.org/bl/-/bl-4.1.0.tgz",
			"integrity": "sha512-1W07cM9gS6DcLperZfFSj+bWLtaPGSOHWhPiGzXmvVJbRLdG82sH/Kn8EtW1VqWVA54AKf2h5k5BbnIbwF3h6w==",
			"requires": {
				"buffer": "^5.5.0",
				"inherits": "^2.0.4",
				"readable-stream": "^3.4.0"
			}
		},
		"brace-expansion": {
			"version": "1.1.11",
			"resolved": "https://registry.npmjs.org/brace-expansion/-/brace-expansion-1.1.11.tgz",
			"integrity": "sha512-iCuPHDFgrHX7H2vEI/5xpz07zSHB00TpugqhmYtVmMO6518mCuRMoOYFldEBl0g187ufozdaHgWKcYFb61qGiA==",
			"requires": {
				"balanced-match": "^1.0.0",
				"concat-map": "0.0.1"
			}
		},
		"buffer": {
			"version": "5.7.1",
			"resolved": "https://registry.npmjs.org/buffer/-/buffer-5.7.1.tgz",
			"integrity": "sha512-EHcyIPBQ4BSGlvjB16k5KgAJ27CIsHY/2JBmCRReo48y9rQ3MaUzWX3KVlBa4U7MyX02HdVj0K7C3WaB3ju7FQ==",
			"requires": {
				"base64-js": "^1.3.1",
				"ieee754": "^1.1.13"
			}
		},
		"buffer-from": {
			"version": "1.1.2",
			"resolved": "https://registry.npmjs.org/buffer-from/-/buffer-from-1.1.2.tgz",
			"integrity": "sha512-E+XQCRwSbaaiChtv6k6Dwgc+bx+Bs6vuKJHHl5kox/BaKbhiXzqQOwK4cO22yElGp2OCmjwVhT3HmxgyPGnJfQ=="
		},
		"builtin-modules": {
			"version": "1.1.1",
			"resolved": "https://registry.npmjs.org/builtin-modules/-/builtin-modules-1.1.1.tgz",
			"integrity": "sha1-Jw8HbFpywC9bZaR9+Uxf46J4iS8=",
			"dev": true
		},
		"chalk": {
			"version": "2.4.2",
			"resolved": "https://registry.npmjs.org/chalk/-/chalk-2.4.2.tgz",
			"integrity": "sha512-Mti+f9lpJNcwF4tWV8/OrTTtF1gZi+f8FqlyAdouralcFWFQWF2+NgCHShjkCb+IFBLq9buZwE1xckQU4peSuQ==",
			"dev": true,
			"requires": {
				"ansi-styles": "^3.2.1",
				"escape-string-regexp": "^1.0.5",
				"supports-color": "^5.3.0"
			}
		},
		"color-convert": {
			"version": "1.9.3",
			"resolved": "https://registry.npmjs.org/color-convert/-/color-convert-1.9.3.tgz",
			"integrity": "sha512-QfAUtd+vFdAtFQcC8CCyYt1fYWxSqAiK2cSD6zDB8N3cpsEBAvRxp9zOGg6G/SHHJYAT88/az/IuDGALsNVbGg==",
			"dev": true,
			"requires": {
				"color-name": "1.1.3"
			}
		},
		"color-name": {
			"version": "1.1.3",
			"resolved": "https://registry.npmjs.org/color-name/-/color-name-1.1.3.tgz",
			"integrity": "sha1-p9BVi9icQveV3UIyj3QIMcpTvCU=",
			"dev": true
		},
		"combined-stream": {
			"version": "1.0.8",
			"resolved": "https://registry.npmjs.org/combined-stream/-/combined-stream-1.0.8.tgz",
			"integrity": "sha512-FQN4MRfuJeHf7cBbBMJFXhKSDq+2kAArBlmRBvcvFE5BB1HZKXtSFASDhdlz9zOYwxh8lDdnvmMOe/+5cdoEdg==",
			"requires": {
				"delayed-stream": "~1.0.0"
			}
		},
		"commander": {
			"version": "2.20.3",
			"resolved": "https://registry.npmjs.org/commander/-/commander-2.20.3.tgz",
			"integrity": "sha512-GpVkmM8vF2vQUkj2LvZmD35JxeJOLCwJ9cUkugyk2nuhbv3+mJvpLYYt+0+USMxE+oj+ey/lJEnhZw75x/OMcQ==",
			"dev": true
		},
		"commist": {
			"version": "1.1.0",
			"resolved": "https://registry.npmjs.org/commist/-/commist-1.1.0.tgz",
			"integrity": "sha512-rraC8NXWOEjhADbZe9QBNzLAN5Q3fsTPQtBV+fEVj6xKIgDgNiEVE6ZNfHpZOqfQ21YUzfVNUXLOEZquYvQPPg==",
			"requires": {
				"leven": "^2.1.0",
				"minimist": "^1.1.0"
			}
		},
		"concat-map": {
			"version": "0.0.1",
			"resolved": "https://registry.npmjs.org/concat-map/-/concat-map-0.0.1.tgz",
			"integrity": "sha1-2Klr13/Wjfd5OnMDajug1UBdR3s="
		},
		"concat-stream": {
			"version": "2.0.0",
			"resolved": "https://registry.npmjs.org/concat-stream/-/concat-stream-2.0.0.tgz",
			"integrity": "sha512-MWufYdFw53ccGjCA+Ol7XJYpAlW6/prSMzuPOTRnJGcGzuhLn4Scrz7qf6o8bROZ514ltazcIFJZevcfbo0x7A==",
			"requires": {
				"buffer-from": "^1.0.0",
				"inherits": "^2.0.3",
				"readable-stream": "^3.0.2",
				"typedarray": "^0.0.6"
			}
		},
		"cron-parser": {
			"version": "0.3.6",
			"resolved": "https://registry.npmjs.org/cron-parser/-/cron-parser-0.3.6.tgz",
			"integrity": "sha512-fy/j2FFqg9zfFijjVjGA9gLAqRxCSKNoSObhaN0r72YtvDM3VXzYmAE3GNNRA3h0HUOjDU6LAKaetgb/wJ+gQg=="
		},
		"debug": {
			"version": "4.1.1",
			"resolved": "https://registry.npmjs.org/debug/-/debug-4.1.1.tgz",
			"integrity": "sha512-pYAIzeRo8J6KPEaJ0VWOh5Pzkbw/RetuzehGM7QRRX5he4fPHx2rdKMB256ehJCkX+XRQm16eZLqLNS8RSZXZw==",
			"requires": {
				"ms": "^2.1.1"
			}
		},
		"delayed-stream": {
			"version": "1.0.0",
			"resolved": "https://registry.npmjs.org/delayed-stream/-/delayed-stream-1.0.0.tgz",
			"integrity": "sha512-ZySD7Nf91aLB0RxL4KGrKHBXl7Eds1DAmEdcoVawXnLD7SDhpNgtuII2aAkg7a7QS41jxPSZ17p4VdGnMHk3MQ=="
		},
		"diff": {
			"version": "4.0.2",
			"resolved": "https://registry.npmjs.org/diff/-/diff-4.0.2.tgz",
			"integrity": "sha512-58lmxKSA4BNyLz+HHMUzlOEpg09FV+ev6ZMe3vJihgdxzgcwZ8VoEEPmALCZG9LmqfVoNMMKpttIYTVG6uDY7A==",
			"dev": true
		},
		"duplexify": {
			"version": "4.1.2",
			"resolved": "https://registry.npmjs.org/duplexify/-/duplexify-4.1.2.tgz",
			"integrity": "sha512-fz3OjcNCHmRP12MJoZMPglx8m4rrFP8rovnk4vT8Fs+aonZoCwGg10dSsQsfP/E62eZcPTMSMP6686fu9Qlqtw==",
			"requires": {
				"end-of-stream": "^1.4.1",
				"inherits": "^2.0.3",
				"readable-stream": "^3.1.1",
				"stream-shift": "^1.0.0"
			}
		},
		"end-of-stream": {
			"version": "1.4.4",
			"resolved": "https://registry.npmjs.org/end-of-stream/-/end-of-stream-1.4.4.tgz",
			"integrity": "sha512-+uw1inIHVPQoaVuHzRyXd21icM+cnt4CzD5rW+NC1wjOUSTOs+Te7FOv7AhN7vS9x/oIyhLP5PR1H+phQAHu5Q==",
			"requires": {
				"once": "^1.4.0"
			}
		},
		"escape-string-regexp": {
			"version": "1.0.5",
			"resolved": "https://registry.npmjs.org/escape-string-regexp/-/escape-string-regexp-1.0.5.tgz",
			"integrity": "sha1-G2HAViGQqN/2rjuyzwIAyhMLhtQ=",
			"dev": true
		},
		"esprima": {
			"version": "4.0.1",
			"resolved": "https://registry.npmjs.org/esprima/-/esprima-4.0.1.tgz",
			"integrity": "sha512-eGuFFw7Upda+g4p+QHvnW0RyTX/SVeJBDM/gCtMARO0cLuT2HcEKnTPvhjV6aGeqrCB/sbNop0Kszm0jsaWU4A==",
			"dev": true
		},
		"esutils": {
			"version": "2.0.3",
			"resolved": "https://registry.npmjs.org/esutils/-/esutils-2.0.3.tgz",
			"integrity": "sha512-kVscqXk4OCp68SZ0dkgEKVi6/8ij300KBWTJq32P/dYeWTSwK41WyTxalN1eRmA5Z9UU/LX9D7FWSmV9SAYx6g==",
			"dev": true
		},
		"events": {
			"version": "3.3.0",
			"resolved": "https://registry.npmjs.org/events/-/events-3.3.0.tgz",
			"integrity": "sha512-mQw+2fkQbALzQ7V0MY0IqdnXNOeTtP4r0lN9z7AAawCXgqea7bDii20AYrIBrFd/Hx0M2Ocz6S111CaFkUcb0Q=="
		},
		"form-data": {
			"version": "4.0.0",
			"resolved": "https://registry.npmjs.org/form-data/-/form-data-4.0.0.tgz",
			"integrity": "sha512-ETEklSGi5t0QMZuiXoA/Q6vcnxcLQP5vdugSpuAyi6SVGi2clPPp+xgEhuMaHC+zGgn31Kd235W35f7Hykkaww==",
			"requires": {
				"asynckit": "^0.4.0",
				"combined-stream": "^1.0.8",
				"mime-types": "^2.1.12"
			}
		},
		"fs.realpath": {
			"version": "1.0.0",
			"resolved": "https://registry.npmjs.org/fs.realpath/-/fs.realpath-1.0.0.tgz",
			"integrity": "sha1-FQStJSMVjKpA20onh8sBQRmU6k8="
		},
		"getos": {
			"version": "3.2.1",
			"resolved": "https://registry.npmjs.org/getos/-/getos-3.2.1.tgz",
			"integrity": "sha512-U56CfOK17OKgTVqozZjUKNdkfEv6jk5WISBJ8SHoagjE6L69zOwl3Z+O8myjY9MEW3i2HPWQBt/LTbCgcC973Q==",
			"requires": {
				"async": "^3.2.0"
			},
			"dependencies": {
				"async": {
					"version": "3.2.4",
					"resolved": "https://registry.npmjs.org/async/-/async-3.2.4.tgz",
					"integrity": "sha512-iAB+JbDEGXhyIUavoDl9WP/Jj106Kz9DEn1DPgYw5ruDn0e3Wgi3sKFm55sASdGBNOQB8F59d9qQ7deqrHA8wQ=="
				}
			}
		},
		"glob": {
			"version": "7.1.6",
			"resolved": "https://registry.npmjs.org/glob/-/glob-7.1.6.tgz",
			"integrity": "sha512-LwaxwyZ72Lk7vZINtNNrywX0ZuLyStrdDtabefZKAY5ZGJhVtgdznluResxNmPitE0SAO+O26sWTHeKSI2wMBA==",
			"requires": {
				"fs.realpath": "^1.0.0",
				"inflight": "^1.0.4",
				"inherits": "2",
				"minimatch": "^3.0.4",
				"once": "^1.3.0",
				"path-is-absolute": "^1.0.0"
			}
		},
		"has-flag": {
			"version": "3.0.0",
			"resolved": "https://registry.npmjs.org/has-flag/-/has-flag-3.0.0.tgz",
			"integrity": "sha1-tdRU3CGZriJWmfNGfloH87lVuv0=",
			"dev": true
		},
		"help-me": {
			"version": "3.0.0",
			"resolved": "https://registry.npmjs.org/help-me/-/help-me-3.0.0.tgz",
			"integrity": "sha512-hx73jClhyk910sidBB7ERlnhMlFsJJIBqSVMFDwPN8o2v9nmp5KgLq1Xz1Bf1fCMMZ6mPrX159iG0VLy/fPMtQ==",
			"requires": {
				"glob": "^7.1.6",
				"readable-stream": "^3.6.0"
			}
		},
		"ieee754": {
			"version": "1.2.1",
			"resolved": "https://registry.npmjs.org/ieee754/-/ieee754-1.2.1.tgz",
			"integrity": "sha512-dcyqhDvX1C46lXZcVqCpK+FtMRQVdIMN6/Df5js2zouUsqG7I6sFxitIC+7KYK29KdXOLHdu9zL4sFnoVQnqaA=="
		},
		"inflight": {
			"version": "1.0.6",
			"resolved": "https://registry.npmjs.org/inflight/-/inflight-1.0.6.tgz",
			"integrity": "sha1-Sb1jMdfQLQwJvJEKEHW6gWW1bfk=",
			"requires": {
				"once": "^1.3.0",
				"wrappy": "1"
			}
		},
		"inherits": {
			"version": "2.0.4",
			"resolved": "https://registry.npmjs.org/inherits/-/inherits-2.0.4.tgz",
			"integrity": "sha512-k/vGaX4/Yla3WzyMCvTQOXYeIHvqOKtnqBduzTHpzpQZzAskKMhZ2K+EnBiSM9zGSoIFeMpXKxa4dYeZIQqewQ=="
		},
		"js-sdsl": {
			"version": "4.1.4",
			"resolved": "https://registry.npmjs.org/js-sdsl/-/js-sdsl-4.1.4.tgz",
			"integrity": "sha512-Y2/yD55y5jteOAmY50JbUZYwk3CP3wnLPEZnlR1w9oKhITrBEtAxwuWKebFf8hMrPMgbYwFoWK/lH2sBkErELw=="
		},
		"js-tokens": {
			"version": "4.0.0",
			"resolved": "https://registry.npmjs.org/js-tokens/-/js-tokens-4.0.0.tgz",
			"integrity": "sha512-RdJUflcE3cUzKiMqQgsCu06FPu9UdIJO0beYbPhHN4k6apgJtifcoCtT9bcxOpYBtpD2kCM6Sbzg4CausW/PKQ==",
			"dev": true
		},
		"js-yaml": {
			"version": "3.13.1",
			"resolved": "https://registry.npmjs.org/js-yaml/-/js-yaml-3.13.1.tgz",
			"integrity": "sha512-YfbcO7jXDdyj0DGxYVSlSeQNHbD7XPWvrVWeVUujrQEoZzWJIRrCPoyk6kL6IAjAG2IolMK4T0hNUe0HOUs5Jw==",
			"dev": true,
			"requires": {
				"argparse": "^1.0.7",
				"esprima": "^4.0.0"
			}
		},
		"leven": {
			"version": "2.1.0",
			"resolved": "https://registry.npmjs.org/leven/-/leven-2.1.0.tgz",
			"integrity": "sha512-nvVPLpIHUxCUoRLrFqTgSxXJ614d8AgQoWl7zPe/2VadE8+1dpU3LBhowRuBAcuwruWtOdD8oYC9jDNJjXDPyA=="
		},
		"lodash": {
			"version": "4.17.15",
			"resolved": "https://registry.npmjs.org/lodash/-/lodash-4.17.15.tgz",
			"integrity": "sha512-8xOcRHvCjnocdS5cpwXQXVzmmh5e5+saE2QGoeQmbKmRS6J3VQppPOIt0MnmE+4xlZoumy0GPG0D0MVIQbNA1A=="
		},
		"lodash.merge": {
			"version": "4.6.2",
			"resolved": "https://registry.npmjs.org/lodash.merge/-/lodash.merge-4.6.2.tgz",
			"integrity": "sha512-0KpjqXRVvrYyCsX1swR/XTK0va6VQkQM6MNo7PqW77ByjAhoARA8EfrP1N4+KlKj8YS0ZUCtRT/YUuhyYDujIQ=="
		},
		"lru-cache": {
			"version": "6.0.0",
			"resolved": "https://registry.npmjs.org/lru-cache/-/lru-cache-6.0.0.tgz",
			"integrity": "sha512-Jo6dJ04CmSjuznwJSS3pUeWmd/H0ffTlkXXgwZi+eq1UCmqQwCh+eLsYOYCwY991i2Fah4h1BEMCx4qThGbsiA==",
			"requires": {
				"yallist": "^4.0.0"
			}
		},
		"machina": {
			"version": "4.0.2",
			"resolved": "https://registry.npmjs.org/machina/-/machina-4.0.2.tgz",
			"integrity": "sha512-OOlFrW1rd783S6tF36v5Ie/TM64gfvSl9kYLWL2cPA31J71HHWW3XrgSe1BZSFAPkh8532CMJMLv/s9L2aopiA==",
			"requires": {
				"lodash": "^4.17.5"
			}
		},
		"mime-db": {
			"version": "1.52.0",
			"resolved": "https://registry.npmjs.org/mime-db/-/mime-db-1.52.0.tgz",
			"integrity": "sha512-sPU4uV7dYlvtWJxwwxHD0PuihVNiE7TyAbQ5SWxDCB9mUYvOgroQOwYQQOKPJ8CIbE+1ETVlOoK1UC2nU3gYvg=="
		},
		"mime-types": {
			"version": "2.1.35",
			"resolved": "https://registry.npmjs.org/mime-types/-/mime-types-2.1.35.tgz",
			"integrity": "sha512-ZDY+bPm5zTTF+YpCrAU9nK0UgICYPT0QtT1NZWFv4s++TNkcgVaT0g6+4R2uI4MjQjzysHB1zxuWL50hzaeXiw==",
			"requires": {
				"mime-db": "1.52.0"
			}
		},
		"minimatch": {
			"version": "3.0.4",
			"resolved": "https://registry.npmjs.org/minimatch/-/minimatch-3.0.4.tgz",
			"integrity": "sha512-yJHVQEhyqPLUTgt9B83PXu6W3rx4MvvHvSUvToogpwoGDOUQ+yDrR0HRot+yOCdCO7u4hX3pWft6kWBBcqh0UA==",
			"requires": {
				"brace-expansion": "^1.1.7"
			}
		},
		"minimist": {
			"version": "1.2.5",
			"resolved": "https://registry.npmjs.org/minimist/-/minimist-1.2.5.tgz",
			"integrity": "sha512-FM9nNUYrRBAELZQT3xeZQ7fmMOBg6nWNmJKTcgsJeaLstP/UODVpGsr5OhXhhXg6f+qtJ8uiZ+PUxkDWcgIXLw=="
		},
		"mkdirp": {
			"version": "0.5.3",
			"resolved": "https://registry.npmjs.org/mkdirp/-/mkdirp-0.5.3.tgz",
			"integrity": "sha512-P+2gwrFqx8lhew375MQHHeTlY8AuOJSrGf0R5ddkEndUkmwpgUob/vQuBD1V22/Cw1/lJr4x+EjllSezBThzBg==",
			"dev": true,
			"requires": {
				"minimist": "^1.2.5"
			}
		},
		"mqtt": {
			"version": "4.3.7",
			"resolved": "https://registry.npmjs.org/mqtt/-/mqtt-4.3.7.tgz",
			"integrity": "sha512-ew3qwG/TJRorTz47eW46vZ5oBw5MEYbQZVaEji44j5lAUSQSqIEoul7Kua/BatBW0H0kKQcC9kwUHa1qzaWHSw==",
			"requires": {
				"commist": "^1.0.0",
				"concat-stream": "^2.0.0",
				"debug": "^4.1.1",
				"duplexify": "^4.1.1",
				"help-me": "^3.0.0",
				"inherits": "^2.0.3",
				"lru-cache": "^6.0.0",
				"minimist": "^1.2.5",
				"mqtt-packet": "^6.8.0",
				"number-allocator": "^1.0.9",
				"pump": "^3.0.0",
				"readable-stream": "^3.6.0",
				"reinterval": "^1.1.0",
				"rfdc": "^1.3.0",
				"split2": "^3.1.0",
				"ws": "^7.5.5",
				"xtend": "^4.0.2"
			},
			"dependencies": {
				"ws": {
					"version": "7.5.9",
					"resolved": "https://registry.npmjs.org/ws/-/ws-7.5.9.tgz",
					"integrity": "sha512-F+P9Jil7UiSKSkppIiD94dN07AwvFixvLIj1Og1Rl9GGMuNipJnV9JzjD6XuqmAeiswGvUmNLjr5cFuXwNS77Q=="
				}
			}
		},
		"mqtt-packet": {
			"version": "6.10.0",
			"resolved": "https://registry.npmjs.org/mqtt-packet/-/mqtt-packet-6.10.0.tgz",
			"integrity": "sha512-ja8+mFKIHdB1Tpl6vac+sktqy3gA8t9Mduom1BA75cI+R9AHnZOiaBQwpGiWnaVJLDGRdNhQmFaAqd7tkKSMGA==",
			"requires": {
				"bl": "^4.0.2",
				"debug": "^4.1.1",
				"process-nextick-args": "^2.0.1"
			}
		},
		"ms": {
			"version": "2.1.2",
			"resolved": "https://registry.npmjs.org/ms/-/ms-2.1.2.tgz",
			"integrity": "sha512-sGkPx+VjMtmA6MX27oA4FBFELFCZZ4S4XqeGOXCv68tT+jb3vk/RyaKWP0PTKyWtmLSM0b+adUTEvbs1PEaH2w=="
		},
		"node-crontab": {
			"version": "0.0.8",
			"resolved": "https://registry.npmjs.org/node-crontab/-/node-crontab-0.0.8.tgz",
			"integrity": "sha512-IJ1LSlYV7zeqrY3/IStEjk6A43dyB/ps26HNPxAJD3V9I+6vfETC7l+L4MKvh4YaoEFjKIltXJOmyv/hPzsdZg==",
			"requires": {
				"cron-parser": "~0.3.3"
			}
		},
		"node-fetch": {
			"version": "2.6.7",
			"resolved": "https://registry.npmjs.org/node-fetch/-/node-fetch-2.6.7.tgz",
			"integrity": "sha512-ZjMPFEfVx5j+y2yF35Kzx5sF7kDzxuDj6ziH4FFbOp87zKDZNx8yExJIb05OGF4Nlt9IHFIMBkRl41VdvcNdbQ==",
			"requires": {
				"whatwg-url": "^5.0.0"
			}
		},
		"number-allocator": {
			"version": "1.0.12",
			"resolved": "https://registry.npmjs.org/number-allocator/-/number-allocator-1.0.12.tgz",
			"integrity": "sha512-sGB0qoQGmKimery9JubBQ9pQUr1V/LixJAk3Ygp7obZf6mpSXime8d7XHEobbIimkdZpgjkNlLt6G7LPEWFYWg==",
			"requires": {
				"debug": "^4.3.1",
				"js-sdsl": "4.1.4"
			},
			"dependencies": {
				"debug": {
					"version": "4.3.4",
					"resolved": "https://registry.npmjs.org/debug/-/debug-4.3.4.tgz",
					"integrity": "sha512-PRWFHuSU3eDtQJPvnNY7Jcket1j0t5OuOsFzPPzsekD52Zl8qUfFIPEiswXqIvHWGVHOgX+7G/vCNNhehwxfkQ==",
					"requires": {
						"ms": "2.1.2"
					}
				}
			}
		},
		"once": {
			"version": "1.4.0",
			"resolved": "https://registry.npmjs.org/once/-/once-1.4.0.tgz",
			"integrity": "sha1-WDsap3WWHUsROsF9nFC6753Xa9E=",
			"requires": {
				"wrappy": "1"
			}
		},
		"path-is-absolute": {
			"version": "1.0.1",
			"resolved": "https://registry.npmjs.org/path-is-absolute/-/path-is-absolute-1.0.1.tgz",
			"integrity": "sha1-F0uSaHNVNP+8es5r9TpanhtcX18="
		},
		"path-parse": {
			"version": "1.0.6",
			"resolved": "https://registry.npmjs.org/path-parse/-/path-parse-1.0.6.tgz",
			"integrity": "sha512-GSmOT2EbHrINBf9SR7CDELwlJ8AENk3Qn7OikK4nFYAu3Ote2+JYNVvkpAEQm3/TLNEJFD/xZJjzyxg3KBWOzw==",
			"dev": true
		},
		"process": {
			"version": "0.11.10",
			"resolved": "https://registry.npmjs.org/process/-/process-0.11.10.tgz",
			"integrity": "sha512-cdGef/drWFoydD1JsMzuFf8100nZl+GT+yacc2bEced5f9Rjk4z+WtFUTBu9PhOi9j/jfmBPu0mMEY4wIdAF8A=="
		},
		"process-nextick-args": {
			"version": "2.0.1",
			"resolved": "https://registry.npmjs.org/process-nextick-args/-/process-nextick-args-2.0.1.tgz",
			"integrity": "sha512-3ouUOpQhtgrbOa17J7+uxOTpITYWaGP7/AhoR3+A+/1e9skrzelGi/dXzEYyvbxubEF6Wn2ypscTKiKJFFn1ag=="
		},
		"psl": {
			"version": "1.9.0",
			"resolved": "https://registry.npmjs.org/psl/-/psl-1.9.0.tgz",
			"integrity": "sha512-E/ZsdU4HLs/68gYzgGTkMicWTLPdAftJLfJFlLUAAKZGkStNU72sZjT66SnMDVOfOWY/YAoiD7Jxa9iHvngcag=="
		},
		"pump": {
			"version": "3.0.0",
			"resolved": "https://registry.npmjs.org/pump/-/pump-3.0.0.tgz",
			"integrity": "sha512-LwZy+p3SFs1Pytd/jYct4wpv49HiYCqd9Rlc5ZVdk0V+8Yzv6jR5Blk3TRmPL1ft69TxP0IMZGJ+WPFU2BFhww==",
			"requires": {
				"end-of-stream": "^1.1.0",
				"once": "^1.3.1"
			}
		},
		"punycode": {
			"version": "2.1.1",
			"resolved": "https://registry.npmjs.org/punycode/-/punycode-2.1.1.tgz",
			"integrity": "sha512-XRsRjdf+j5ml+y/6GKHPZbrF/8p2Yga0JPtdqTIY2Xe5ohJPD9saDJJLPvp9+NSBprVvevdXZybnj2cv8OEd0A=="
		},
		"querystringify": {
			"version": "2.2.0",
			"resolved": "https://registry.npmjs.org/querystringify/-/querystringify-2.2.0.tgz",
			"integrity": "sha512-FIqgj2EUvTa7R50u0rGsyTftzjYmv/a3hO345bZNrqabNqjtgiDMgmo4mkUjd+nzU5oF3dClKqFIPUKybUyqoQ=="
		},
		"readable-stream": {
			"version": "3.6.0",
			"resolved": "https://registry.npmjs.org/readable-stream/-/readable-stream-3.6.0.tgz",
			"integrity": "sha512-BViHy7LKeTz4oNnkcLJ+lVSL6vpiFeX6/d3oSH8zCW7UxP2onchk+vTGB143xuFjHS3deTgkKoXXymXqymiIdA==",
			"requires": {
				"inherits": "^2.0.3",
				"string_decoder": "^1.1.1",
				"util-deprecate": "^1.0.1"
			}
		},
		"reinterval": {
			"version": "1.1.0",
			"resolved": "https://registry.npmjs.org/reinterval/-/reinterval-1.1.0.tgz",
			"integrity": "sha512-QIRet3SYrGp0HUHO88jVskiG6seqUGC5iAG7AwI/BV4ypGcuqk9Du6YQBUOUqm9c8pw1eyLoIaONifRua1lsEQ=="
		},
		"requires-port": {
			"version": "1.0.0",
			"resolved": "https://registry.npmjs.org/requires-port/-/requires-port-1.0.0.tgz",
			"integrity": "sha512-KigOCHcocU3XODJxsu8i/j8T9tzT4adHiecwORRQ0ZZFcp7ahwXuRU1m+yuO90C5ZUyGeGfocHDI14M3L3yDAQ=="
		},
		"resolve": {
			"version": "1.15.1",
			"resolved": "https://registry.npmjs.org/resolve/-/resolve-1.15.1.tgz",
			"integrity": "sha512-84oo6ZTtoTUpjgNEr5SJyzQhzL72gaRodsSfyxC/AXRvwu0Yse9H8eF9IpGo7b8YetZhlI6v7ZQ6bKBFV/6S7w==",
			"dev": true,
			"requires": {
				"path-parse": "^1.0.6"
			}
		},
		"rfdc": {
			"version": "1.3.0",
			"resolved": "https://registry.npmjs.org/rfdc/-/rfdc-1.3.0.tgz",
			"integrity": "sha512-V2hovdzFbOi77/WajaSMXk2OLm+xNIeQdMMuB7icj7bk6zi2F8GGAxigcnDFpJHbNyNcgyJDiP+8nOrY5cZGrA=="
		},
		"rhea": {
			"version": "1.0.24",
			"resolved": "https://registry.npmjs.org/rhea/-/rhea-1.0.24.tgz",
			"integrity": "sha512-PEl62U2EhxCO5wMUZ2/bCBcXAVKN9AdMSNQOrp3+R5b77TEaOSiy16MQ0sIOmzj/iqsgIAgPs1mt3FYfu1vIXA==",
			"requires": {
				"debug": "0.8.0 - 3.5.0"
			},
			"dependencies": {
				"debug": {
					"version": "3.2.7",
					"resolved": "https://registry.npmjs.org/debug/-/debug-3.2.7.tgz",
					"integrity": "sha512-CFjzYYAi4ThfiQvizrFQevTTXHtnCqWfe7x1AhgEscTz6ZbLbfoLRLPugTQyBth6f8ZERVUSyWHFD/7Wu4t1XQ==",
					"requires": {
						"ms": "^2.1.1"
					}
				}
			}
		},
		"safe-buffer": {
			"version": "5.2.1",
			"resolved": "https://registry.npmjs.org/safe-buffer/-/safe-buffer-5.2.1.tgz",
			"integrity": "sha512-rp3So07KcdmmKbGvgaNxQSJr7bGVSVk5S9Eq1F+ppbRo70+YeaDxkw5Dd8NPN+GD6bjnYm2VuPuCXmpuYvmCXQ=="
		},
		"sax": {
			"version": "1.2.4",
			"resolved": "https://registry.npmjs.org/sax/-/sax-1.2.4.tgz",
			"integrity": "sha512-NqVDv9TpANUjFm0N8uM5GxL36UgKi9/atZw+x7YFnQ8ckwFGKrl4xX4yWtrey3UJm5nP1kUbnYgLopqWNSRhWw=="
		},
		"semver": {
			"version": "5.7.1",
			"resolved": "https://registry.npmjs.org/semver/-/semver-5.7.1.tgz",
			"integrity": "sha512-sauaDf/PZdVgrLTNYHRtpXa1iRiKcaebiKQ1BJdpQlWH2lCvexQdX55snPFyK7QzpudqbCI0qXFfOasHdyNDGQ==",
			"dev": true
		},
		"split2": {
			"version": "3.2.2",
			"resolved": "https://registry.npmjs.org/split2/-/split2-3.2.2.tgz",
			"integrity": "sha512-9NThjpgZnifTkJpzTZ7Eue85S49QwpNhZTq6GRJwObb6jnLFNGB7Qm73V5HewTROPyxD0C29xqmaI68bQtV+hg==",
			"requires": {
				"readable-stream": "^3.0.0"
			}
		},
		"sprintf-js": {
			"version": "1.0.3",
			"resolved": "https://registry.npmjs.org/sprintf-js/-/sprintf-js-1.0.3.tgz",
			"integrity": "sha1-BOaSb2YolTVPPdAVIDYzuFcpfiw=",
			"dev": true
		},
		"stream-shift": {
			"version": "1.0.1",
			"resolved": "https://registry.npmjs.org/stream-shift/-/stream-shift-1.0.1.tgz",
			"integrity": "sha512-AiisoFqQ0vbGcZgQPY1cdP2I76glaVA/RauYR4G4thNFgkTqr90yXTo4LYX60Jl+sIlPNHHdGSwo01AvbKUSVQ=="
		},
		"string_decoder": {
			"version": "1.3.0",
			"resolved": "https://registry.npmjs.org/string_decoder/-/string_decoder-1.3.0.tgz",
			"integrity": "sha512-hkRX8U1WjJFd8LsDJ2yQ/wWWxaopEsABU1XfkM8A+j0+85JAGppt16cr1Whg6KIbb4okU6Mql6BOj+uup/wKeA==",
			"requires": {
				"safe-buffer": "~5.2.0"
			}
		},
		"supports-color": {
			"version": "5.5.0",
			"resolved": "https://registry.npmjs.org/supports-color/-/supports-color-5.5.0.tgz",
			"integrity": "sha512-QjVjwdXIt408MIiAqCX4oUKsgU2EqAGzs2Ppkm4aQYbjm+ZEWEcW4SfFNTr4uMNZma0ey4f5lgLrkB0aX0QMow==",
			"dev": true,
			"requires": {
				"has-flag": "^3.0.0"
			}
		},
		"tough-cookie": {
			"version": "4.1.2",
			"resolved": "https://registry.npmjs.org/tough-cookie/-/tough-cookie-4.1.2.tgz",
			"integrity": "sha512-G9fqXWoYFZgTc2z8Q5zaHy/vJMjm+WV0AkAeHxVCQiEB1b+dGvWzFW6QV07cY5jQ5gRkeid2qIkzkxUnmoQZUQ==",
			"requires": {
				"psl": "^1.1.33",
				"punycode": "^2.1.1",
				"universalify": "^0.2.0",
				"url-parse": "^1.5.3"
			}
		},
		"tr46": {
			"version": "0.0.3",
			"resolved": "https://registry.npmjs.org/tr46/-/tr46-0.0.3.tgz",
			"integrity": "sha512-N3WMsuqV66lT30CrXNbEjx4GEwlow3v6rr4mCcv6prnfwhS01rkgyFdjPNBYd9br7LpXV1+Emh01fHnq2Gdgrw=="
		},
		"traverse": {
			"version": "0.6.7",
			"resolved": "https://registry.npmjs.org/traverse/-/traverse-0.6.7.tgz",
			"integrity": "sha512-/y956gpUo9ZNCb99YjxG7OaslxZWHfCHAUUfshwqOXmxUIvqLjVO581BT+gM59+QV9tFe6/CGG53tsA1Y7RSdg=="
		},
		"tslib": {
			"version": "1.11.1",
			"resolved": "https://registry.npmjs.org/tslib/-/tslib-1.11.1.tgz",
			"integrity": "sha512-aZW88SY8kQbU7gpV19lN24LtXh/yD4ZZg6qieAJDDg+YBsJcSmLGK9QpnUjAKVG/xefmvJGd1WUmfpT/g6AJGA=="
		},
		"tslint": {
			"version": "6.1.0",
			"resolved": "https://registry.npmjs.org/tslint/-/tslint-6.1.0.tgz",
			"integrity": "sha512-fXjYd/61vU6da04E505OZQGb2VCN2Mq3doeWcOIryuG+eqdmFUXTYVwdhnbEu2k46LNLgUYt9bI5icQze/j0bQ==",
			"dev": true,
			"requires": {
				"@babel/code-frame": "^7.0.0",
				"builtin-modules": "^1.1.1",
				"chalk": "^2.3.0",
				"commander": "^2.12.1",
				"diff": "^4.0.1",
				"glob": "^7.1.1",
				"js-yaml": "^3.13.1",
				"minimatch": "^3.0.4",
				"mkdirp": "^0.5.1",
				"resolve": "^1.3.2",
				"semver": "^5.3.0",
				"tslib": "^1.10.0",
				"tsutils": "^2.29.0"
			}
		},
		"tsutils": {
			"version": "2.29.0",
			"resolved": "https://registry.npmjs.org/tsutils/-/tsutils-2.29.0.tgz",
			"integrity": "sha512-g5JVHCIJwzfISaXpXE1qvNalca5Jwob6FjI4AoPlqMusJ6ftFE7IkkFoMhVLRgK+4Kx3gkzb8UZK5t5yTTvEmA==",
			"dev": true,
			"requires": {
				"tslib": "^1.8.1"
			}
		},
		"tunnel": {
			"version": "0.0.6",
			"resolved": "https://registry.npmjs.org/tunnel/-/tunnel-0.0.6.tgz",
			"integrity": "sha512-1h/Lnq9yajKY2PEbBadPXj3VxsDDu844OnaAo52UVmIzIvwwtBPIuNvkjuzBlTWpfJyUbG3ez0KSBibQkj4ojg=="
		},
		"typedarray": {
			"version": "0.0.6",
			"resolved": "https://registry.npmjs.org/typedarray/-/typedarray-0.0.6.tgz",
			"integrity": "sha512-/aCDEGatGvZ2BIk+HmLf4ifCJFwvKFNb9/JeZPMulfgFracn9QFcAf5GO8B/mweUjSoblS5In0cWhqpfs/5PQA=="
		},
		"typescript": {
			"version": "3.7.5",
			"resolved": "https://registry.npmjs.org/typescript/-/typescript-3.7.5.tgz",
			"integrity": "sha512-/P5lkRXkWHNAbcJIiHPfRoKqyd7bsyCma1hZNUGfn20qm64T6ZBlrzprymeu918H+mB/0rIg2gGK/BXkhhYgBw==",
			"dev": true
		},
		"universalify": {
			"version": "0.2.0",
			"resolved": "https://registry.npmjs.org/universalify/-/universalify-0.2.0.tgz",
			"integrity": "sha512-CJ1QgKmNg3CwvAv/kOFmtnEN05f0D/cn9QntgNOQlQF9dgvVTHj3t+8JPdjqawCHk7V/KA+fbUqzZ9XWhcqPUg=="
		},
		"url-parse": {
			"version": "1.5.10",
			"resolved": "https://registry.npmjs.org/url-parse/-/url-parse-1.5.10.tgz",
			"integrity": "sha512-WypcfiRhfeUP9vvF0j6rw0J3hrWrw6iZv3+22h6iRMJ/8z1Tj6XfLP4DsUix5MhMPnXpiHDoKyoZ/bdCkwBCiQ==",
			"requires": {
				"querystringify": "^2.1.1",
				"requires-port": "^1.0.0"
			}
		},
		"util-deprecate": {
			"version": "1.0.2",
			"resolved": "https://registry.npmjs.org/util-deprecate/-/util-deprecate-1.0.2.tgz",
			"integrity": "sha512-EPD5q1uXyFxJpCrLnCc1nHnq3gOa6DZBocAIiI2TaSCA7VCJ1UJDMagCzIkXNsUYfD1daK//LTEQ8xiIbrHtcw=="
		},
		"uuid": {
			"version": "3.3.3",
			"resolved": "https://registry.npmjs.org/uuid/-/uuid-3.3.3.tgz",
			"integrity": "sha512-pW0No1RGHgzlpHJO1nsVrHKpOEIxkGg1xB+v0ZmdNH5OAeAwzAVrCnI2/6Mtx+Uys6iaylxa+D3g4j63IKKjSQ=="
		},
		"webidl-conversions": {
			"version": "3.0.1",
			"resolved": "https://registry.npmjs.org/webidl-conversions/-/webidl-conversions-3.0.1.tgz",
			"integrity": "sha512-2JAn3z8AR6rjK8Sm8orRC0h/bcl/DqL7tRPdGZ4I1CjdF+EaMLmYxBHyXuKL849eucPFhvBoxMsflfOb8kxaeQ=="
		},
		"whatwg-url": {
			"version": "5.0.0",
			"resolved": "https://registry.npmjs.org/whatwg-url/-/whatwg-url-5.0.0.tgz",
			"integrity": "sha512-saE57nupxk6v3HY35+jzBwYa0rKSy0XR8JSxZPwgLr7ys0IBzhGviA1/TUGJLmSVqs8pb9AnvICXEuOHLprYTw==",
			"requires": {
				"tr46": "~0.0.3",
				"webidl-conversions": "^3.0.0"
			}
		},
		"wrappy": {
			"version": "1.0.2",
			"resolved": "https://registry.npmjs.org/wrappy/-/wrappy-1.0.2.tgz",
			"integrity": "sha1-tSQ9jz7BqjXxNkYFvA0QNuMKtp8="
		},
		"ws": {
			"version": "6.2.2",
			"resolved": "https://registry.npmjs.org/ws/-/ws-6.2.2.tgz",
			"integrity": "sha512-zmhltoSR8u1cnDsD43TX59mzoMZsLKqUweyYBAIvTngR3shc0W6aOZylZmq/7hqyVxPdi+5Ud2QInblgyE72fw==",
			"requires": {
				"async-limiter": "~1.0.0"
			}
		},
		"xml2js": {
			"version": "0.4.23",
			"resolved": "https://registry.npmjs.org/xml2js/-/xml2js-0.4.23.tgz",
			"integrity": "sha512-ySPiMjM0+pLDftHgXY4By0uswI3SPKLDw/i3UXbnO8M/p28zqexCUoPmQFrYD+/1BzhGJSs2i1ERWKJAtiLrug==",
			"requires": {
				"sax": ">=0.6.0",
				"xmlbuilder": "~11.0.0"
			}
		},
		"xmlbuilder": {
			"version": "11.0.1",
			"resolved": "https://registry.npmjs.org/xmlbuilder/-/xmlbuilder-11.0.1.tgz",
			"integrity": "sha512-fDlsI/kFEx7gLvbecc0/ohLG50fugQp8ryHzMTuW9vSa1GJ0XYWKnhsUx7oie3G98+r56aTQIUB4kht42R3JvA=="
		},
		"xtend": {
			"version": "4.0.2",
			"resolved": "https://registry.npmjs.org/xtend/-/xtend-4.0.2.tgz",
			"integrity": "sha512-LKYU1iAXJXUgAXn9URjiu+MWhyUXHsvfp7mcuYm9dSUKK0/CjtrUwFAxD82/mCWbtLsGjFIad0wIsod4zrTAEQ=="
		},
		"yallist": {
			"version": "4.0.0",
			"resolved": "https://registry.npmjs.org/yallist/-/yallist-4.0.0.tgz",
			"integrity": "sha512-3wdGidZyq5PB084XLES5TpOSRA3wjXAlIWMhum2kRcv/41Sn2emQ0dycQW4uZXLejwKvg6EsvbdlVL+FYEct7A=="
		}
	}
}
